// !$*UTF8*$!
{
	archiveVersion = 1;
	classes = {
	};
	objectVersion = 56;
	objects = {

/* Begin PBXBuildFile section */
		5711AE4F28E66A9F00AD1E5A /* AppDelegate.swift in Sources */ = {isa = PBXBuildFile; fileRef = 5711AE4E28E66A9F00AD1E5A /* AppDelegate.swift */; };
		5711AE5128E66A9F00AD1E5A /* SceneDelegate.swift in Sources */ = {isa = PBXBuildFile; fileRef = 5711AE5028E66A9F00AD1E5A /* SceneDelegate.swift */; };
		5711AE5628E66A9F00AD1E5A /* Main.storyboard in Resources */ = {isa = PBXBuildFile; fileRef = 5711AE5428E66A9F00AD1E5A /* Main.storyboard */; };
		5711AE5828E66AA100AD1E5A /* Assets.xcassets in Resources */ = {isa = PBXBuildFile; fileRef = 5711AE5728E66AA100AD1E5A /* Assets.xcassets */; };
		5711AE5B28E66AA100AD1E5A /* LaunchScreen.storyboard in Resources */ = {isa = PBXBuildFile; fileRef = 5711AE5928E66AA100AD1E5A /* LaunchScreen.storyboard */; };
		5711AE6528E67CF800AD1E5A /* FavoritesListVC.swift in Sources */ = {isa = PBXBuildFile; fileRef = 5711AE6428E67CF800AD1E5A /* FavoritesListVC.swift */; };
		5711AE6728E67D8D00AD1E5A /* SearchVC.swift in Sources */ = {isa = PBXBuildFile; fileRef = 5711AE6628E67D8D00AD1E5A /* SearchVC.swift */; };
		5711AE6928EA5D8F00AD1E5A /* GFButton.swift in Sources */ = {isa = PBXBuildFile; fileRef = 5711AE6828EA5D8F00AD1E5A /* GFButton.swift */; };
		5711AE6B28EA63B800AD1E5A /* GFTextField.swift in Sources */ = {isa = PBXBuildFile; fileRef = 5711AE6A28EA63B800AD1E5A /* GFTextField.swift */; };
		5711AE6D28EBEE5B00AD1E5A /* FollowerListVC.swift in Sources */ = {isa = PBXBuildFile; fileRef = 5711AE6C28EBEE5B00AD1E5A /* FollowerListVC.swift */; };
		5711AE6F28ECE1E000AD1E5A /* GFTitleLabel.swift in Sources */ = {isa = PBXBuildFile; fileRef = 5711AE6E28ECE1E000AD1E5A /* GFTitleLabel.swift */; };
		5711AE7128ECF18D00AD1E5A /* GFBodyLabel.swift in Sources */ = {isa = PBXBuildFile; fileRef = 5711AE7028ECF18D00AD1E5A /* GFBodyLabel.swift */; };
		5711AE7328ECF3EC00AD1E5A /* GFAlertVC.swift in Sources */ = {isa = PBXBuildFile; fileRef = 5711AE7228ECF3EC00AD1E5A /* GFAlertVC.swift */; };
		5711AE7528EE37C400AD1E5A /* UIViewController+Ext.swift in Sources */ = {isa = PBXBuildFile; fileRef = 5711AE7428EE37C400AD1E5A /* UIViewController+Ext.swift */; };
		5711AE7D28EF7EE100AD1E5A /* Follower.swift in Sources */ = {isa = PBXBuildFile; fileRef = 5711AE7C28EF7EE100AD1E5A /* Follower.swift */; };
		5711AE7F28EF808900AD1E5A /* User.swift in Sources */ = {isa = PBXBuildFile; fileRef = 5711AE7E28EF808900AD1E5A /* User.swift */; };
		5711AE8228EF8DD400AD1E5A /* NetworkManager.swift in Sources */ = {isa = PBXBuildFile; fileRef = 5711AE8128EF8DD400AD1E5A /* NetworkManager.swift */; };
		5711AE8828F2A3DC00AD1E5A /* FollowerCell.swift in Sources */ = {isa = PBXBuildFile; fileRef = 5711AE8728F2A3DC00AD1E5A /* FollowerCell.swift */; };
		5711AE8A28F2A51400AD1E5A /* GFAvatarImageView.swift in Sources */ = {isa = PBXBuildFile; fileRef = 5711AE8928F2A51400AD1E5A /* GFAvatarImageView.swift */; };
		5725A95929124ADB00F05C07 /* Constants.swift in Sources */ = {isa = PBXBuildFile; fileRef = 5725A95829124ADB00F05C07 /* Constants.swift */; };
		57B238B42918716D0001CE39 /* GFItemInfoView.swift in Sources */ = {isa = PBXBuildFile; fileRef = 57B238B32918716D0001CE39 /* GFItemInfoView.swift */; };
		57B238B62919DF420001CE39 /* GFItemInfoVC.swift in Sources */ = {isa = PBXBuildFile; fileRef = 57B238B52919DF420001CE39 /* GFItemInfoVC.swift */; };
		57B238B82919EDAD0001CE39 /* GFRepoItemVC.swift in Sources */ = {isa = PBXBuildFile; fileRef = 57B238B72919EDAD0001CE39 /* GFRepoItemVC.swift */; };
		57B4425528F9E3F000369CBE /* UIHelper.swift in Sources */ = {isa = PBXBuildFile; fileRef = 57B4425428F9E3F000369CBE /* UIHelper.swift */; };
		57B4425D290335AC00369CBE /* GFEmptyStateView.swift in Sources */ = {isa = PBXBuildFile; fileRef = 57B4425C290335AC00369CBE /* GFEmptyStateView.swift */; };
		57B4425F29090B5400369CBE /* UserInfoVC.swift in Sources */ = {isa = PBXBuildFile; fileRef = 57B4425E29090B5400369CBE /* UserInfoVC.swift */; };
		57B442612909AB2600369CBE /* GFError.swift in Sources */ = {isa = PBXBuildFile; fileRef = 57B442602909AB2600369CBE /* GFError.swift */; };
		57B44263290B63F700369CBE /* GFUserInfoHeaderVC.swift in Sources */ = {isa = PBXBuildFile; fileRef = 57B44262290B63F700369CBE /* GFUserInfoHeaderVC.swift */; };
		57B44265290B651000369CBE /* GFSeconndaryTitleLabel.swift in Sources */ = {isa = PBXBuildFile; fileRef = 57B44264290B651000369CBE /* GFSeconndaryTitleLabel.swift */; };
/* End PBXBuildFile section */

/* Begin PBXFileReference section */
		5711AE4B28E66A9F00AD1E5A /* GHFolllowers.app */ = {isa = PBXFileReference; explicitFileType = wrapper.application; includeInIndex = 0; path = GHFolllowers.app; sourceTree = BUILT_PRODUCTS_DIR; };
		5711AE4E28E66A9F00AD1E5A /* AppDelegate.swift */ = {isa = PBXFileReference; lastKnownFileType = sourcecode.swift; path = AppDelegate.swift; sourceTree = "<group>"; };
		5711AE5028E66A9F00AD1E5A /* SceneDelegate.swift */ = {isa = PBXFileReference; lastKnownFileType = sourcecode.swift; path = SceneDelegate.swift; sourceTree = "<group>"; };
		5711AE5528E66A9F00AD1E5A /* Base */ = {isa = PBXFileReference; lastKnownFileType = file.storyboard; name = Base; path = Base.lproj/Main.storyboard; sourceTree = "<group>"; };
		5711AE5728E66AA100AD1E5A /* Assets.xcassets */ = {isa = PBXFileReference; lastKnownFileType = folder.assetcatalog; path = Assets.xcassets; sourceTree = "<group>"; };
		5711AE5A28E66AA100AD1E5A /* Base */ = {isa = PBXFileReference; lastKnownFileType = file.storyboard; name = Base; path = Base.lproj/LaunchScreen.storyboard; sourceTree = "<group>"; };
		5711AE5C28E66AA100AD1E5A /* Info.plist */ = {isa = PBXFileReference; lastKnownFileType = text.plist.xml; path = Info.plist; sourceTree = "<group>"; };
		5711AE6428E67CF800AD1E5A /* FavoritesListVC.swift */ = {isa = PBXFileReference; lastKnownFileType = sourcecode.swift; path = FavoritesListVC.swift; sourceTree = "<group>"; };
		5711AE6628E67D8D00AD1E5A /* SearchVC.swift */ = {isa = PBXFileReference; lastKnownFileType = sourcecode.swift; path = SearchVC.swift; sourceTree = "<group>"; };
		5711AE6828EA5D8F00AD1E5A /* GFButton.swift */ = {isa = PBXFileReference; lastKnownFileType = sourcecode.swift; path = GFButton.swift; sourceTree = "<group>"; };
		5711AE6A28EA63B800AD1E5A /* GFTextField.swift */ = {isa = PBXFileReference; lastKnownFileType = sourcecode.swift; path = GFTextField.swift; sourceTree = "<group>"; };
		5711AE6C28EBEE5B00AD1E5A /* FollowerListVC.swift */ = {isa = PBXFileReference; lastKnownFileType = sourcecode.swift; path = FollowerListVC.swift; sourceTree = "<group>"; };
		5711AE6E28ECE1E000AD1E5A /* GFTitleLabel.swift */ = {isa = PBXFileReference; lastKnownFileType = sourcecode.swift; path = GFTitleLabel.swift; sourceTree = "<group>"; };
		5711AE7028ECF18D00AD1E5A /* GFBodyLabel.swift */ = {isa = PBXFileReference; lastKnownFileType = sourcecode.swift; path = GFBodyLabel.swift; sourceTree = "<group>"; };
		5711AE7228ECF3EC00AD1E5A /* GFAlertVC.swift */ = {isa = PBXFileReference; lastKnownFileType = sourcecode.swift; path = GFAlertVC.swift; sourceTree = "<group>"; };
		5711AE7428EE37C400AD1E5A /* UIViewController+Ext.swift */ = {isa = PBXFileReference; lastKnownFileType = sourcecode.swift; path = "UIViewController+Ext.swift"; sourceTree = "<group>"; };
		5711AE7C28EF7EE100AD1E5A /* Follower.swift */ = {isa = PBXFileReference; lastKnownFileType = sourcecode.swift; path = Follower.swift; sourceTree = "<group>"; };
		5711AE7E28EF808900AD1E5A /* User.swift */ = {isa = PBXFileReference; lastKnownFileType = sourcecode.swift; path = User.swift; sourceTree = "<group>"; };
		5711AE8128EF8DD400AD1E5A /* NetworkManager.swift */ = {isa = PBXFileReference; lastKnownFileType = sourcecode.swift; path = NetworkManager.swift; sourceTree = "<group>"; };
		5711AE8728F2A3DC00AD1E5A /* FollowerCell.swift */ = {isa = PBXFileReference; lastKnownFileType = sourcecode.swift; path = FollowerCell.swift; sourceTree = "<group>"; };
		5711AE8928F2A51400AD1E5A /* GFAvatarImageView.swift */ = {isa = PBXFileReference; lastKnownFileType = sourcecode.swift; path = GFAvatarImageView.swift; sourceTree = "<group>"; };
		5725A95829124ADB00F05C07 /* Constants.swift */ = {isa = PBXFileReference; lastKnownFileType = sourcecode.swift; path = Constants.swift; sourceTree = "<group>"; };
		57B238B32918716D0001CE39 /* GFItemInfoView.swift */ = {isa = PBXFileReference; lastKnownFileType = sourcecode.swift; path = GFItemInfoView.swift; sourceTree = "<group>"; };
		57B238B52919DF420001CE39 /* GFItemInfoVC.swift */ = {isa = PBXFileReference; lastKnownFileType = sourcecode.swift; path = GFItemInfoVC.swift; sourceTree = "<group>"; };
		57B238B72919EDAD0001CE39 /* GFRepoItemVC.swift */ = {isa = PBXFileReference; lastKnownFileType = sourcecode.swift; path = GFRepoItemVC.swift; sourceTree = "<group>"; };
		57B4425428F9E3F000369CBE /* UIHelper.swift */ = {isa = PBXFileReference; lastKnownFileType = sourcecode.swift; path = UIHelper.swift; sourceTree = "<group>"; };
		57B4425C290335AC00369CBE /* GFEmptyStateView.swift */ = {isa = PBXFileReference; lastKnownFileType = sourcecode.swift; path = GFEmptyStateView.swift; sourceTree = "<group>"; };
		57B4425E29090B5400369CBE /* UserInfoVC.swift */ = {isa = PBXFileReference; lastKnownFileType = sourcecode.swift; path = UserInfoVC.swift; sourceTree = "<group>"; };
		57B442602909AB2600369CBE /* GFError.swift */ = {isa = PBXFileReference; lastKnownFileType = sourcecode.swift; path = GFError.swift; sourceTree = "<group>"; };
		57B44262290B63F700369CBE /* GFUserInfoHeaderVC.swift */ = {isa = PBXFileReference; lastKnownFileType = sourcecode.swift; path = GFUserInfoHeaderVC.swift; sourceTree = "<group>"; };
		57B44264290B651000369CBE /* GFSeconndaryTitleLabel.swift */ = {isa = PBXFileReference; lastKnownFileType = sourcecode.swift; path = GFSeconndaryTitleLabel.swift; sourceTree = "<group>"; };
/* End PBXFileReference section */

/* Begin PBXFrameworksBuildPhase section */
		5711AE4828E66A9F00AD1E5A /* Frameworks */ = {
			isa = PBXFrameworksBuildPhase;
			buildActionMask = 2147483647;
			files = (
			);
			runOnlyForDeploymentPostprocessing = 0;
		};
/* End PBXFrameworksBuildPhase section */

/* Begin PBXGroup section */
		5711AE4228E66A9F00AD1E5A = {
			isa = PBXGroup;
			children = (
				5711AE4D28E66A9F00AD1E5A /* GHFolllowers */,
				5711AE4C28E66A9F00AD1E5A /* Products */,
			);
			sourceTree = "<group>";
		};
		5711AE4C28E66A9F00AD1E5A /* Products */ = {
			isa = PBXGroup;
			children = (
				5711AE4B28E66A9F00AD1E5A /* GHFolllowers.app */,
			);
			name = Products;
			sourceTree = "<group>";
		};
		5711AE4D28E66A9F00AD1E5A /* GHFolllowers */ = {
			isa = PBXGroup;
			children = (
				5711AE8328EFF3D400AD1E5A /* Utilities */,
				5711AE8028EF8DB900AD1E5A /* Managers */,
				5711AE7B28EF7EC200AD1E5A /* Model */,
				5711AE7828EE3EC300AD1E5A /* Extensions */,
				5711AE7728EE3DD000AD1E5A /* Custom Views */,
				5711AE7628EE3D5A00AD1E5A /* Screens */,
				5711AE7A28EE3F8700AD1E5A /* Support */,
				5711AE5C28E66AA100AD1E5A /* Info.plist */,
			);
			path = GHFolllowers;
			sourceTree = "<group>";
		};
		5711AE7628EE3D5A00AD1E5A /* Screens */ = {
			isa = PBXGroup;
			children = (
				5711AE6628E67D8D00AD1E5A /* SearchVC.swift */,
				5711AE6428E67CF800AD1E5A /* FavoritesListVC.swift */,
				5711AE6C28EBEE5B00AD1E5A /* FollowerListVC.swift */,
				57B4425E29090B5400369CBE /* UserInfoVC.swift */,
			);
			path = Screens;
			sourceTree = "<group>";
		};
		5711AE7728EE3DD000AD1E5A /* Custom Views */ = {
			isa = PBXGroup;
			children = (
				57B4425A290334D400369CBE /* ViewControllers */,
				57B4425B2903352500369CBE /* Labels */,
				57B44259290334C800369CBE /* ImageViews */,
				57B44258290334AD00369CBE /* TextFields */,
				57B442572903349700369CBE /* Buttons */,
				57B442562903348900369CBE /* Views */,
				5711AE8628F2A39700AD1E5A /* Cells */,
			);
			path = "Custom Views";
			sourceTree = "<group>";
		};
		5711AE7828EE3EC300AD1E5A /* Extensions */ = {
			isa = PBXGroup;
			children = (
				5711AE7428EE37C400AD1E5A /* UIViewController+Ext.swift */,
			);
			path = Extensions;
			sourceTree = "<group>";
		};
		5711AE7A28EE3F8700AD1E5A /* Support */ = {
			isa = PBXGroup;
			children = (
				5711AE4E28E66A9F00AD1E5A /* AppDelegate.swift */,
				5711AE5028E66A9F00AD1E5A /* SceneDelegate.swift */,
				5711AE5428E66A9F00AD1E5A /* Main.storyboard */,
				5711AE5728E66AA100AD1E5A /* Assets.xcassets */,
				5711AE5928E66AA100AD1E5A /* LaunchScreen.storyboard */,
			);
			path = Support;
			sourceTree = "<group>";
		};
		5711AE7B28EF7EC200AD1E5A /* Model */ = {
			isa = PBXGroup;
			children = (
				5711AE7C28EF7EE100AD1E5A /* Follower.swift */,
				5711AE7E28EF808900AD1E5A /* User.swift */,
			);
			path = Model;
			sourceTree = "<group>";
		};
		5711AE8028EF8DB900AD1E5A /* Managers */ = {
			isa = PBXGroup;
			children = (
				5711AE8128EF8DD400AD1E5A /* NetworkManager.swift */,
			);
			path = Managers;
			sourceTree = "<group>";
		};
		5711AE8328EFF3D400AD1E5A /* Utilities */ = {
			isa = PBXGroup;
			children = (
				57B4425428F9E3F000369CBE /* UIHelper.swift */,
				5725A95829124ADB00F05C07 /* Constants.swift */,
				57B442602909AB2600369CBE /* GFError.swift */,
			);
			path = Utilities;
			sourceTree = "<group>";
		};
		5711AE8628F2A39700AD1E5A /* Cells */ = {
			isa = PBXGroup;
			children = (
				5711AE8728F2A3DC00AD1E5A /* FollowerCell.swift */,
			);
			path = Cells;
			sourceTree = "<group>";
		};
		57B442562903348900369CBE /* Views */ = {
			isa = PBXGroup;
			children = (
				57B4425C290335AC00369CBE /* GFEmptyStateView.swift */,
				57B238B32918716D0001CE39 /* GFItemInfoView.swift */,
			);
			path = Views;
			sourceTree = "<group>";
		};
		57B442572903349700369CBE /* Buttons */ = {
			isa = PBXGroup;
			children = (
				5711AE6828EA5D8F00AD1E5A /* GFButton.swift */,
			);
			path = Buttons;
			sourceTree = "<group>";
		};
		57B44258290334AD00369CBE /* TextFields */ = {
			isa = PBXGroup;
			children = (
				5711AE6A28EA63B800AD1E5A /* GFTextField.swift */,
			);
			path = TextFields;
			sourceTree = "<group>";
		};
		57B44259290334C800369CBE /* ImageViews */ = {
			isa = PBXGroup;
			children = (
				5711AE8928F2A51400AD1E5A /* GFAvatarImageView.swift */,
			);
			path = ImageViews;
			sourceTree = "<group>";
		};
		57B4425A290334D400369CBE /* ViewControllers */ = {
			isa = PBXGroup;
			children = (
				5711AE7228ECF3EC00AD1E5A /* GFAlertVC.swift */,
				57B44262290B63F700369CBE /* GFUserInfoHeaderVC.swift */,
				57B238B52919DF420001CE39 /* GFItemInfoVC.swift */,
				57B238B72919EDAD0001CE39 /* GFRepoItemVC.swift */,
			);
			path = ViewControllers;
			sourceTree = "<group>";
		};
		57B4425B2903352500369CBE /* Labels */ = {
			isa = PBXGroup;
			children = (
				5711AE7028ECF18D00AD1E5A /* GFBodyLabel.swift */,
				5711AE6E28ECE1E000AD1E5A /* GFTitleLabel.swift */,
				57B44264290B651000369CBE /* GFSeconndaryTitleLabel.swift */,
			);
			path = Labels;
			sourceTree = "<group>";
		};
/* End PBXGroup section */

/* Begin PBXNativeTarget section */
		5711AE4A28E66A9F00AD1E5A /* GHFolllowers */ = {
			isa = PBXNativeTarget;
			buildConfigurationList = 5711AE5F28E66AA100AD1E5A /* Build configuration list for PBXNativeTarget "GHFolllowers" */;
			buildPhases = (
				5711AE4728E66A9F00AD1E5A /* Sources */,
				5711AE4828E66A9F00AD1E5A /* Frameworks */,
				5711AE4928E66A9F00AD1E5A /* Resources */,
			);
			buildRules = (
			);
			dependencies = (
			);
			name = GHFolllowers;
			productName = GHFolllowers;
			productReference = 5711AE4B28E66A9F00AD1E5A /* GHFolllowers.app */;
			productType = "com.apple.product-type.application";
		};
/* End PBXNativeTarget section */

/* Begin PBXProject section */
		5711AE4328E66A9F00AD1E5A /* Project object */ = {
			isa = PBXProject;
			attributes = {
				BuildIndependentTargetsInParallel = 1;
				LastSwiftUpdateCheck = 1400;
				LastUpgradeCheck = 1400;
				TargetAttributes = {
					5711AE4A28E66A9F00AD1E5A = {
						CreatedOnToolsVersion = 14.0.1;
					};
				};
			};
			buildConfigurationList = 5711AE4628E66A9F00AD1E5A /* Build configuration list for PBXProject "GHFolllowers" */;
			compatibilityVersion = "Xcode 14.0";
			developmentRegion = en;
			hasScannedForEncodings = 0;
			knownRegions = (
				en,
				Base,
			);
			mainGroup = 5711AE4228E66A9F00AD1E5A;
			productRefGroup = 5711AE4C28E66A9F00AD1E5A /* Products */;
			projectDirPath = "";
			projectRoot = "";
			targets = (
				5711AE4A28E66A9F00AD1E5A /* GHFolllowers */,
			);
		};
/* End PBXProject section */

/* Begin PBXResourcesBuildPhase section */
		5711AE4928E66A9F00AD1E5A /* Resources */ = {
			isa = PBXResourcesBuildPhase;
			buildActionMask = 2147483647;
			files = (
				5711AE5B28E66AA100AD1E5A /* LaunchScreen.storyboard in Resources */,
				5711AE5828E66AA100AD1E5A /* Assets.xcassets in Resources */,
				5711AE5628E66A9F00AD1E5A /* Main.storyboard in Resources */,
			);
			runOnlyForDeploymentPostprocessing = 0;
		};
/* End PBXResourcesBuildPhase section */

/* Begin PBXSourcesBuildPhase section */
		5711AE4728E66A9F00AD1E5A /* Sources */ = {
			isa = PBXSourcesBuildPhase;
			buildActionMask = 2147483647;
			files = (
				5711AE7F28EF808900AD1E5A /* User.swift in Sources */,
				5711AE6B28EA63B800AD1E5A /* GFTextField.swift in Sources */,
				5711AE6728E67D8D00AD1E5A /* SearchVC.swift in Sources */,
				5711AE6928EA5D8F00AD1E5A /* GFButton.swift in Sources */,
				5711AE7528EE37C400AD1E5A /* UIViewController+Ext.swift in Sources */,
				57B4425528F9E3F000369CBE /* UIHelper.swift in Sources */,
				57B238B62919DF420001CE39 /* GFItemInfoVC.swift in Sources */,
				5725A95929124ADB00F05C07 /* Constants.swift in Sources */,
				5711AE8A28F2A51400AD1E5A /* GFAvatarImageView.swift in Sources */,
				5711AE6528E67CF800AD1E5A /* FavoritesListVC.swift in Sources */,
				5711AE7328ECF3EC00AD1E5A /* GFAlertVC.swift in Sources */,
				57B238B42918716D0001CE39 /* GFItemInfoView.swift in Sources */,
				5711AE8828F2A3DC00AD1E5A /* FollowerCell.swift in Sources */,
				5711AE7128ECF18D00AD1E5A /* GFBodyLabel.swift in Sources */,
				57B44263290B63F700369CBE /* GFUserInfoHeaderVC.swift in Sources */,
				57B442612909AB2600369CBE /* GFError.swift in Sources */,
				5711AE7D28EF7EE100AD1E5A /* Follower.swift in Sources */,
				5711AE6F28ECE1E000AD1E5A /* GFTitleLabel.swift in Sources */,
				57B4425D290335AC00369CBE /* GFEmptyStateView.swift in Sources */,
				57B44265290B651000369CBE /* GFSeconndaryTitleLabel.swift in Sources */,
				5711AE8228EF8DD400AD1E5A /* NetworkManager.swift in Sources */,
				5711AE6D28EBEE5B00AD1E5A /* FollowerListVC.swift in Sources */,
				5711AE4F28E66A9F00AD1E5A /* AppDelegate.swift in Sources */,
				5711AE5128E66A9F00AD1E5A /* SceneDelegate.swift in Sources */,
				57B238B82919EDAD0001CE39 /* GFRepoItemVC.swift in Sources */,
				57B4425F29090B5400369CBE /* UserInfoVC.swift in Sources */,
			);
			runOnlyForDeploymentPostprocessing = 0;
		};
/* End PBXSourcesBuildPhase section */

/* Begin PBXVariantGroup section */
		5711AE5428E66A9F00AD1E5A /* Main.storyboard */ = {
			isa = PBXVariantGroup;
			children = (
				5711AE5528E66A9F00AD1E5A /* Base */,
			);
			name = Main.storyboard;
			sourceTree = "<group>";
		};
		5711AE5928E66AA100AD1E5A /* LaunchScreen.storyboard */ = {
			isa = PBXVariantGroup;
			children = (
				5711AE5A28E66AA100AD1E5A /* Base */,
			);
			name = LaunchScreen.storyboard;
			sourceTree = "<group>";
		};
/* End PBXVariantGroup section */

/* Begin XCBuildConfiguration section */
		5711AE5D28E66AA100AD1E5A /* Debug */ = {
			isa = XCBuildConfiguration;
			buildSettings = {
				ALWAYS_SEARCH_USER_PATHS = NO;
				CLANG_ANALYZER_NONNULL = YES;
				CLANG_ANALYZER_NUMBER_OBJECT_CONVERSION = YES_AGGRESSIVE;
				CLANG_CXX_LANGUAGE_STANDARD = "gnu++20";
				CLANG_ENABLE_MODULES = YES;
				CLANG_ENABLE_OBJC_ARC = YES;
				CLANG_ENABLE_OBJC_WEAK = YES;
				CLANG_WARN_BLOCK_CAPTURE_AUTORELEASING = YES;
				CLANG_WARN_BOOL_CONVERSION = YES;
				CLANG_WARN_COMMA = YES;
				CLANG_WARN_CONSTANT_CONVERSION = YES;
				CLANG_WARN_DEPRECATED_OBJC_IMPLEMENTATIONS = YES;
				CLANG_WARN_DIRECT_OBJC_ISA_USAGE = YES_ERROR;
				CLANG_WARN_DOCUMENTATION_COMMENTS = YES;
				CLANG_WARN_EMPTY_BODY = YES;
				CLANG_WARN_ENUM_CONVERSION = YES;
				CLANG_WARN_INFINITE_RECURSION = YES;
				CLANG_WARN_INT_CONVERSION = YES;
				CLANG_WARN_NON_LITERAL_NULL_CONVERSION = YES;
				CLANG_WARN_OBJC_IMPLICIT_RETAIN_SELF = YES;
				CLANG_WARN_OBJC_LITERAL_CONVERSION = YES;
				CLANG_WARN_OBJC_ROOT_CLASS = YES_ERROR;
				CLANG_WARN_QUOTED_INCLUDE_IN_FRAMEWORK_HEADER = YES;
				CLANG_WARN_RANGE_LOOP_ANALYSIS = YES;
				CLANG_WARN_STRICT_PROTOTYPES = YES;
				CLANG_WARN_SUSPICIOUS_MOVE = YES;
				CLANG_WARN_UNGUARDED_AVAILABILITY = YES_AGGRESSIVE;
				CLANG_WARN_UNREACHABLE_CODE = YES;
				CLANG_WARN__DUPLICATE_METHOD_MATCH = YES;
				COPY_PHASE_STRIP = NO;
				DEBUG_INFORMATION_FORMAT = dwarf;
				ENABLE_STRICT_OBJC_MSGSEND = YES;
				ENABLE_TESTABILITY = YES;
				GCC_C_LANGUAGE_STANDARD = gnu11;
				GCC_DYNAMIC_NO_PIC = NO;
				GCC_NO_COMMON_BLOCKS = YES;
				GCC_OPTIMIZATION_LEVEL = 0;
				GCC_PREPROCESSOR_DEFINITIONS = (
					"DEBUG=1",
					"$(inherited)",
				);
				GCC_WARN_64_TO_32_BIT_CONVERSION = YES;
				GCC_WARN_ABOUT_RETURN_TYPE = YES_ERROR;
				GCC_WARN_UNDECLARED_SELECTOR = YES;
				GCC_WARN_UNINITIALIZED_AUTOS = YES_AGGRESSIVE;
				GCC_WARN_UNUSED_FUNCTION = YES;
				GCC_WARN_UNUSED_VARIABLE = YES;
				IPHONEOS_DEPLOYMENT_TARGET = 16.0;
				MTL_ENABLE_DEBUG_INFO = INCLUDE_SOURCE;
				MTL_FAST_MATH = YES;
				ONLY_ACTIVE_ARCH = YES;
				SDKROOT = iphoneos;
				SWIFT_ACTIVE_COMPILATION_CONDITIONS = DEBUG;
				SWIFT_OPTIMIZATION_LEVEL = "-Onone";
			};
			name = Debug;
		};
		5711AE5E28E66AA100AD1E5A /* Release */ = {
			isa = XCBuildConfiguration;
			buildSettings = {
				ALWAYS_SEARCH_USER_PATHS = NO;
				CLANG_ANALYZER_NONNULL = YES;
				CLANG_ANALYZER_NUMBER_OBJECT_CONVERSION = YES_AGGRESSIVE;
				CLANG_CXX_LANGUAGE_STANDARD = "gnu++20";
				CLANG_ENABLE_MODULES = YES;
				CLANG_ENABLE_OBJC_ARC = YES;
				CLANG_ENABLE_OBJC_WEAK = YES;
				CLANG_WARN_BLOCK_CAPTURE_AUTORELEASING = YES;
				CLANG_WARN_BOOL_CONVERSION = YES;
				CLANG_WARN_COMMA = YES;
				CLANG_WARN_CONSTANT_CONVERSION = YES;
				CLANG_WARN_DEPRECATED_OBJC_IMPLEMENTATIONS = YES;
				CLANG_WARN_DIRECT_OBJC_ISA_USAGE = YES_ERROR;
				CLANG_WARN_DOCUMENTATION_COMMENTS = YES;
				CLANG_WARN_EMPTY_BODY = YES;
				CLANG_WARN_ENUM_CONVERSION = YES;
				CLANG_WARN_INFINITE_RECURSION = YES;
				CLANG_WARN_INT_CONVERSION = YES;
				CLANG_WARN_NON_LITERAL_NULL_CONVERSION = YES;
				CLANG_WARN_OBJC_IMPLICIT_RETAIN_SELF = YES;
				CLANG_WARN_OBJC_LITERAL_CONVERSION = YES;
				CLANG_WARN_OBJC_ROOT_CLASS = YES_ERROR;
				CLANG_WARN_QUOTED_INCLUDE_IN_FRAMEWORK_HEADER = YES;
				CLANG_WARN_RANGE_LOOP_ANALYSIS = YES;
				CLANG_WARN_STRICT_PROTOTYPES = YES;
				CLANG_WARN_SUSPICIOUS_MOVE = YES;
				CLANG_WARN_UNGUARDED_AVAILABILITY = YES_AGGRESSIVE;
				CLANG_WARN_UNREACHABLE_CODE = YES;
				CLANG_WARN__DUPLICATE_METHOD_MATCH = YES;
				COPY_PHASE_STRIP = NO;
				DEBUG_INFORMATION_FORMAT = "dwarf-with-dsym";
				ENABLE_NS_ASSERTIONS = NO;
				ENABLE_STRICT_OBJC_MSGSEND = YES;
				GCC_C_LANGUAGE_STANDARD = gnu11;
				GCC_NO_COMMON_BLOCKS = YES;
				GCC_WARN_64_TO_32_BIT_CONVERSION = YES;
				GCC_WARN_ABOUT_RETURN_TYPE = YES_ERROR;
				GCC_WARN_UNDECLARED_SELECTOR = YES;
				GCC_WARN_UNINITIALIZED_AUTOS = YES_AGGRESSIVE;
				GCC_WARN_UNUSED_FUNCTION = YES;
				GCC_WARN_UNUSED_VARIABLE = YES;
				IPHONEOS_DEPLOYMENT_TARGET = 16.0;
				MTL_ENABLE_DEBUG_INFO = NO;
				MTL_FAST_MATH = YES;
				SDKROOT = iphoneos;
				SWIFT_COMPILATION_MODE = wholemodule;
				SWIFT_OPTIMIZATION_LEVEL = "-O";
				VALIDATE_PRODUCT = YES;
			};
			name = Release;
		};
		5711AE6028E66AA100AD1E5A /* Debug */ = {
			isa = XCBuildConfiguration;
			buildSettings = {
				ASSETCATALOG_COMPILER_APPICON_NAME = AppIcon;
				ASSETCATALOG_COMPILER_GLOBAL_ACCENT_COLOR_NAME = AccentColor;
				CODE_SIGN_STYLE = Automatic;
				CURRENT_PROJECT_VERSION = 1;
				DEVELOPMENT_TEAM = SQVZTQKZZC;
				GENERATE_INFOPLIST_FILE = YES;
				INFOPLIST_FILE = GHFolllowers/Info.plist;
				INFOPLIST_KEY_UIApplicationSupportsIndirectInputEvents = YES;
				INFOPLIST_KEY_UILaunchStoryboardName = LaunchScreen;
				INFOPLIST_KEY_UIMainStoryboardFile = Main;
				INFOPLIST_KEY_UISupportedInterfaceOrientations = UIInterfaceOrientationPortrait;
				IPHONEOS_DEPLOYMENT_TARGET = 16.1;
				LD_RUNPATH_SEARCH_PATHS = (
					"$(inherited)",
					"@executable_path/Frameworks",
				);
				MARKETING_VERSION = 1.0;
				PRODUCT_BUNDLE_IDENTIFIER = "Ruslan-Ismayilov.GHFolllowers";
				PRODUCT_NAME = "$(TARGET_NAME)";
				SWIFT_EMIT_LOC_STRINGS = YES;
				SWIFT_VERSION = 5.0;
				TARGETED_DEVICE_FAMILY = "1,2";
			};
			name = Debug;
		};
		5711AE6128E66AA100AD1E5A /* Release */ = {
			isa = XCBuildConfiguration;
			buildSettings = {
				ASSETCATALOG_COMPILER_APPICON_NAME = AppIcon;
				ASSETCATALOG_COMPILER_GLOBAL_ACCENT_COLOR_NAME = AccentColor;
				CODE_SIGN_STYLE = Automatic;
				CURRENT_PROJECT_VERSION = 1;
				DEVELOPMENT_TEAM = SQVZTQKZZC;
				GENERATE_INFOPLIST_FILE = YES;
				INFOPLIST_FILE = GHFolllowers/Info.plist;
				INFOPLIST_KEY_UIApplicationSupportsIndirectInputEvents = YES;
				INFOPLIST_KEY_UILaunchStoryboardName = LaunchScreen;
				INFOPLIST_KEY_UIMainStoryboardFile = Main;
				INFOPLIST_KEY_UISupportedInterfaceOrientations = UIInterfaceOrientationPortrait;
				IPHONEOS_DEPLOYMENT_TARGET = 16.1;
				LD_RUNPATH_SEARCH_PATHS = (
					"$(inherited)",
					"@executable_path/Frameworks",
				);
				MARKETING_VERSION = 1.0;
				PRODUCT_BUNDLE_IDENTIFIER = "Ruslan-Ismayilov.GHFolllowers";
				PRODUCT_NAME = "$(TARGET_NAME)";
				SWIFT_EMIT_LOC_STRINGS = YES;
				SWIFT_VERSION = 5.0;
				TARGETED_DEVICE_FAMILY = "1,2";
			};
			name = Release;
		};
/* End XCBuildConfiguration section */

/* Begin XCConfigurationList section */
		5711AE4628E66A9F00AD1E5A /* Build configuration list for PBXProject "GHFolllowers" */ = {
			isa = XCConfigurationList;
			buildConfigurations = (
				5711AE5D28E66AA100AD1E5A /* Debug */,
				5711AE5E28E66AA100AD1E5A /* Release */,
			);
			defaultConfigurationIsVisible = 0;
			defaultConfigurationName = Release;
		};
		5711AE5F28E66AA100AD1E5A /* Build configuration list for PBXNativeTarget "GHFolllowers" */ = {
			isa = XCConfigurationList;
			buildConfigurations = (
				5711AE6028E66AA100AD1E5A /* Debug */,
				5711AE6128E66AA100AD1E5A /* Release */,
			);
			defaultConfigurationIsVisible = 0;
			defaultConfigurationName = Release;
		};
/* End XCConfigurationList section */
	};
	rootObject = 5711AE4328E66A9F00AD1E5A /* Project object */;
}
